{
  "name": "Production",
  "lockfileVersion": 2,
  "requires": true,
  "packages": {
    "": {
      "name": "Production",
      "dependencies": {
        "@dataform/core": "3.0.0-beta.6"
      }
    },
    "node_modules/@dataform/core": {
      "version": "3.0.0-beta.6",
      "resolved": "https://registry.npmjs.org/@dataform/core/-/core-3.0.0-beta.6.tgz",
      "integrity": "sha512-wV2Q6dwvytvxN+FB/yhEBk5cFLfOwLUDoO5pKsXp7xUB1axJ/9kBnB+ZMadKBV2tHP+R1K4YRoMxQQsIHkjBXg=="
    }
  },
  "dependencies": {
    "@dataform/core": {
      "version": "3.0.0-beta.6",
      "resolved": "https://registry.npmjs.org/@dataform/core/-/core-3.0.0-beta.6.tgz",
      "integrity": "sha512-wV2Q6dwvytvxN+FB/yhEBk5cFLfOwLUDoO5pKsXp7xUB1axJ/9kBnB+ZMadKBV2tHP+R1K4YRoMxQQsIHkjBXg=="
    }
  }
}
